
Microsoft Visual Studio Solution File, Format Version 12.00
# Visual Studio Version 17
VisualStudioVersion = 17.5.002.0
MinimumVisualStudioVersion = 10.0.40219.1
Project("{9A19103F-16F7-4668-BE54-9A1E7A4F7556}") = "DesafioFundamentos", "DesafioFundamentos\DesafioFundamentos.csproj", "{C0BC570A-18FA-4ECD-B498-60961EAF6953}"
EndProject
Global
	GlobalSection(SolutionConfigurationPlatforms) = preSolution
		Debug|Any CPU = Debug|Any CPU
		Release|Any CPU = Release|Any CPU
	EndGlobalSection
	GlobalSection(ProjectConfigurationPlatforms) = postSolution
		{C0BC570A-18FA-4ECD-B498-60961EAF6953}.Debug|Any CPU.ActiveCfg = Debug|Any CPU
		{C0BC570A-18FA-4ECD-B498-60961EAF6953}.Debug|Any CPU.Build.0 = Debug|Any CPU
		{C0BC570A-18FA-4ECD-B498-60961EAF6953}.Release|Any CPU.ActiveCfg = Release|Any CPU
		{C0BC570A-18FA-4ECD-B498-60961EAF6953}.Release|Any CPU.Build.0 = Release|Any CPU
	EndGlobalSection
	GlobalSection(SolutionProperties) = preSolution
		HideSolutionNode = FALSE
	EndGlobalSection
	GlobalSection(ExtensibilityGlobals) = postSolution
		SolutionGuid = {40B5A283-563D-4C9B-88DD-7B02ED5C458A}
	EndGlobalSection
EndGlobal
